// !$*UTF8*$!
{
	archiveVersion = 1;
	classes = {
	};
	objectVersion = 46;
	objects = {

/* Begin PBXBuildFile section */
		926096D41D4163B600510C24 /* SpriteKit.framework in Frameworks */ = {isa = PBXBuildFile; fileRef = 926096D31D4163B600510C24 /* SpriteKit.framework */; };
		927B76D71D27FDC600C4F5CC /* AVFoundation.framework in Frameworks */ = {isa = PBXBuildFile; fileRef = 927B76D41D27FDC600C4F5CC /* AVFoundation.framework */; };
		927B76D81D27FDC600C4F5CC /* CoreMotion.framework in Frameworks */ = {isa = PBXBuildFile; fileRef = 927B76D51D27FDC600C4F5CC /* CoreMotion.framework */; };
		927B76DB1D27FDE500C4F5CC /* SceneKit.framework in Frameworks */ = {isa = PBXBuildFile; fileRef = 927B76D91D27FDE500C4F5CC /* SceneKit.framework */; };
		927B76DC1D27FDE500C4F5CC /* SystemConfiguration.framework in Frameworks */ = {isa = PBXBuildFile; fileRef = 927B76DA1D27FDE500C4F5CC /* SystemConfiguration.framework */; };
		927B76DE1D27FE0500C4F5CC /* CoreMedia.framework in Frameworks */ = {isa = PBXBuildFile; fileRef = 927B76DD1D27FE0500C4F5CC /* CoreMedia.framework */; };
		927B76EA1D2806EF00C4F5CC /* VuforiaEAGLView.mm in Sources */ = {isa = PBXBuildFile; fileRef = 927B76E51D2806EF00C4F5CC /* VuforiaEAGLView.mm */; };
		927B76EB1D2806EF00C4F5CC /* VuforiaManager.mm in Sources */ = {isa = PBXBuildFile; fileRef = 927B76E71D2806EF00C4F5CC /* VuforiaManager.mm */; };
		927B76EC1D2806EF00C4F5CC /* VuforiaObjects.mm in Sources */ = {isa = PBXBuildFile; fileRef = 927B76E91D2806EF00C4F5CC /* VuforiaObjects.mm */; };
		927B76FD1D2816DB00C4F5CC /* VuforiaShaderUtils.m in Sources */ = {isa = PBXBuildFile; fileRef = 927B76FC1D2816DB00C4F5CC /* VuforiaShaderUtils.m */; };
		927B77081D2824AB00C4F5CC /* OpenGLES.framework in Frameworks */ = {isa = PBXBuildFile; fileRef = 927B77071D2824AB00C4F5CC /* OpenGLES.framework */; };
		927B77091D282DF100C4F5CC /* AudioToolbox.framework in Frameworks */ = {isa = PBXBuildFile; fileRef = 927B76D31D27FDC600C4F5CC /* AudioToolbox.framework */; };
		927B770B1D282E0A00C4F5CC /* MediaPlayer.framework in Frameworks */ = {isa = PBXBuildFile; fileRef = 927B770A1D282E0A00C4F5CC /* MediaPlayer.framework */; };
		92AA11091D27A5EB00E56CBE /* AppDelegate.swift in Sources */ = {isa = PBXBuildFile; fileRef = 92AA11081D27A5EB00E56CBE /* AppDelegate.swift */; };
		92AA110B1D27A5EB00E56CBE /* ViewController.swift in Sources */ = {isa = PBXBuildFile; fileRef = 92AA110A1D27A5EB00E56CBE /* ViewController.swift */; };
		92AA110E1D27A5EB00E56CBE /* Main.storyboard in Resources */ = {isa = PBXBuildFile; fileRef = 92AA110C1D27A5EB00E56CBE /* Main.storyboard */; };
		92AA11101D27A5EB00E56CBE /* Assets.xcassets in Resources */ = {isa = PBXBuildFile; fileRef = 92AA110F1D27A5EB00E56CBE /* Assets.xcassets */; };
		92AA11131D27A5EB00E56CBE /* LaunchScreen.storyboard in Resources */ = {isa = PBXBuildFile; fileRef = 92AA11111D27A5EB00E56CBE /* LaunchScreen.storyboard */; };
		92AA11851D27B96300E56CBE /* Localizable.strings in Resources */ = {isa = PBXBuildFile; fileRef = 92AA11841D27B96300E56CBE /* Localizable.strings */; };
/* End PBXBuildFile section */

/* Begin PBXFileReference section */
		310236101F77548D002366FD /* IT.png */ = {isa = PBXFileReference; lastKnownFileType = image.png; path = IT.png; sourceTree = "<group>"; };
		310236111F77548D002366FD /* IT_about.html */ = {isa = PBXFileReference; lastKnownFileType = text.html; path = IT_about.html; sourceTree = "<group>"; };
		310236121F77548D002366FD /* StonesAndChips.dat */ = {isa = PBXFileReference; lastKnownFileType = file; path = StonesAndChips.dat; sourceTree = "<group>"; };
		310236131F77548D002366FD /* StonesAndChips.xml */ = {isa = PBXFileReference; lastKnownFileType = text.xml; path = StonesAndChips.xml; sourceTree = "<group>"; };
		310236141F77548D002366FD /* Tarmac.dat */ = {isa = PBXFileReference; lastKnownFileType = file; path = Tarmac.dat; sourceTree = "<group>"; };
		310236151F77548D002366FD /* Tarmac.xml */ = {isa = PBXFileReference; lastKnownFileType = text.xml; path = Tarmac.xml; sourceTree = "<group>"; };
		319677381F77862D00E9080A /* Area.h */ = {isa = PBXFileReference; lastKnownFileType = sourcecode.c.h; path = Area.h; sourceTree = "<group>"; };
		319677391F77862D00E9080A /* Box3D.h */ = {isa = PBXFileReference; lastKnownFileType = sourcecode.c.h; path = Box3D.h; sourceTree = "<group>"; };
		3196773A1F77862D00E9080A /* CameraCalibration.h */ = {isa = PBXFileReference; lastKnownFileType = sourcecode.c.h; path = CameraCalibration.h; sourceTree = "<group>"; };
		3196773B1F77862D00E9080A /* CameraDevice.h */ = {isa = PBXFileReference; lastKnownFileType = sourcecode.c.h; path = CameraDevice.h; sourceTree = "<group>"; };
		3196773C1F77862D00E9080A /* CameraField.h */ = {isa = PBXFileReference; lastKnownFileType = sourcecode.c.h; path = CameraField.h; sourceTree = "<group>"; };
		3196773D1F77862D00E9080A /* CustomViewerParameters.h */ = {isa = PBXFileReference; lastKnownFileType = sourcecode.c.h; path = CustomViewerParameters.h; sourceTree = "<group>"; };
		3196773E1F77862D00E9080A /* CylinderTarget.h */ = {isa = PBXFileReference; lastKnownFileType = sourcecode.c.h; path = CylinderTarget.h; sourceTree = "<group>"; };
		3196773F1F77862D00E9080A /* CylinderTargetResult.h */ = {isa = PBXFileReference; lastKnownFileType = sourcecode.c.h; path = CylinderTargetResult.h; sourceTree = "<group>"; };
		319677401F77862D00E9080A /* DataSet.h */ = {isa = PBXFileReference; lastKnownFileType = sourcecode.c.h; path = DataSet.h; sourceTree = "<group>"; };
		319677411F77862D00E9080A /* Device.h */ = {isa = PBXFileReference; lastKnownFileType = sourcecode.c.h; path = Device.h; sourceTree = "<group>"; };
		319677421F77862D00E9080A /* DeviceTrackable.h */ = {isa = PBXFileReference; lastKnownFileType = sourcecode.c.h; path = DeviceTrackable.h; sourceTree = "<group>"; };
		319677431F77862D00E9080A /* DeviceTrackableResult.h */ = {isa = PBXFileReference; lastKnownFileType = sourcecode.c.h; path = DeviceTrackableResult.h; sourceTree = "<group>"; };
		319677441F77862D00E9080A /* DeviceTracker.h */ = {isa = PBXFileReference; lastKnownFileType = sourcecode.c.h; path = DeviceTracker.h; sourceTree = "<group>"; };
		319677451F77862D00E9080A /* EyeID.h */ = {isa = PBXFileReference; lastKnownFileType = sourcecode.c.h; path = EyeID.h; sourceTree = "<group>"; };
		319677461F77862D00E9080A /* EyewearCalibrationProfileManager.h */ = {isa = PBXFileReference; lastKnownFileType = sourcecode.c.h; path = EyewearCalibrationProfileManager.h; sourceTree = "<group>"; };
		319677471F77862D00E9080A /* EyewearCalibrationReading.h */ = {isa = PBXFileReference; lastKnownFileType = sourcecode.c.h; path = EyewearCalibrationReading.h; sourceTree = "<group>"; };
		319677481F77862D00E9080A /* EyewearDevice.h */ = {isa = PBXFileReference; lastKnownFileType = sourcecode.c.h; path = EyewearDevice.h; sourceTree = "<group>"; };
		319677491F77862D00E9080A /* EyewearUserCalibrator.h */ = {isa = PBXFileReference; lastKnownFileType = sourcecode.c.h; path = EyewearUserCalibrator.h; sourceTree = "<group>"; };
		3196774A1F77862D00E9080A /* Frame.h */ = {isa = PBXFileReference; lastKnownFileType = sourcecode.c.h; path = Frame.h; sourceTree = "<group>"; };
		3196774B1F77862D00E9080A /* GLRenderer.h */ = {isa = PBXFileReference; lastKnownFileType = sourcecode.c.h; path = GLRenderer.h; sourceTree = "<group>"; };
		3196774C1F77862D00E9080A /* HandheldTransformModel.h */ = {isa = PBXFileReference; lastKnownFileType = sourcecode.c.h; path = HandheldTransformModel.h; sourceTree = "<group>"; };
		3196774D1F77862D00E9080A /* HeadTransformModel.h */ = {isa = PBXFileReference; lastKnownFileType = sourcecode.c.h; path = HeadTransformModel.h; sourceTree = "<group>"; };
		3196774E1F77862D00E9080A /* Image.h */ = {isa = PBXFileReference; lastKnownFileType = sourcecode.c.h; path = Image.h; sourceTree = "<group>"; };
		3196774F1F77862D00E9080A /* ImageTarget.h */ = {isa = PBXFileReference; lastKnownFileType = sourcecode.c.h; path = ImageTarget.h; sourceTree = "<group>"; };
		319677501F77862D00E9080A /* ImageTargetBuilder.h */ = {isa = PBXFileReference; lastKnownFileType = sourcecode.c.h; path = ImageTargetBuilder.h; sourceTree = "<group>"; };
		319677511F77862D00E9080A /* ImageTargetResult.h */ = {isa = PBXFileReference; lastKnownFileType = sourcecode.c.h; path = ImageTargetResult.h; sourceTree = "<group>"; };
		319677521F77862D00E9080A /* InstanceId.h */ = {isa = PBXFileReference; lastKnownFileType = sourcecode.c.h; path = InstanceId.h; sourceTree = "<group>"; };
		319677531F77862D00E9080A /* Matrices.h */ = {isa = PBXFileReference; lastKnownFileType = sourcecode.c.h; path = Matrices.h; sourceTree = "<group>"; };
		319677541F77862D00E9080A /* Mesh.h */ = {isa = PBXFileReference; lastKnownFileType = sourcecode.c.h; path = Mesh.h; sourceTree = "<group>"; };
		319677551F77862D00E9080A /* MetalRenderer.h */ = {isa = PBXFileReference; lastKnownFileType = sourcecode.c.h; path = MetalRenderer.h; sourceTree = "<group>"; };
		319677561F77862D00E9080A /* MultiTarget.h */ = {isa = PBXFileReference; lastKnownFileType = sourcecode.c.h; path = MultiTarget.h; sourceTree = "<group>"; };
		319677571F77862D00E9080A /* MultiTargetResult.h */ = {isa = PBXFileReference; lastKnownFileType = sourcecode.c.h; path = MultiTargetResult.h; sourceTree = "<group>"; };
		319677581F77862D00E9080A /* NonCopyable.h */ = {isa = PBXFileReference; lastKnownFileType = sourcecode.c.h; path = NonCopyable.h; sourceTree = "<group>"; };
		319677591F77862D00E9080A /* Obb2D.h */ = {isa = PBXFileReference; lastKnownFileType = sourcecode.c.h; path = Obb2D.h; sourceTree = "<group>"; };
		3196775A1F77862D00E9080A /* Obb3D.h */ = {isa = PBXFileReference; lastKnownFileType = sourcecode.c.h; path = Obb3D.h; sourceTree = "<group>"; };
		3196775B1F77862D00E9080A /* ObjectTarget.h */ = {isa = PBXFileReference; lastKnownFileType = sourcecode.c.h; path = ObjectTarget.h; sourceTree = "<group>"; };
		3196775C1F77862D00E9080A /* ObjectTargetResult.h */ = {isa = PBXFileReference; lastKnownFileType = sourcecode.c.h; path = ObjectTargetResult.h; sourceTree = "<group>"; };
		3196775D1F77862D00E9080A /* ObjectTracker.h */ = {isa = PBXFileReference; lastKnownFileType = sourcecode.c.h; path = ObjectTracker.h; sourceTree = "<group>"; };
		3196775E1F77862D00E9080A /* PositionalDeviceTracker.h */ = {isa = PBXFileReference; lastKnownFileType = sourcecode.c.h; path = PositionalDeviceTracker.h; sourceTree = "<group>"; };
		3196775F1F77862D00E9080A /* Prop.h */ = {isa = PBXFileReference; lastKnownFileType = sourcecode.c.h; path = Prop.h; sourceTree = "<group>"; };
		319677601F77862D00E9080A /* PropResult.h */ = {isa = PBXFileReference; lastKnownFileType = sourcecode.c.h; path = PropResult.h; sourceTree = "<group>"; };
		319677611F77862D00E9080A /* Reconstruction.h */ = {isa = PBXFileReference; lastKnownFileType = sourcecode.c.h; path = Reconstruction.h; sourceTree = "<group>"; };
		319677621F77862D00E9080A /* ReconstructionFromTarget.h */ = {isa = PBXFileReference; lastKnownFileType = sourcecode.c.h; path = ReconstructionFromTarget.h; sourceTree = "<group>"; };
		319677631F77862D00E9080A /* Rectangle.h */ = {isa = PBXFileReference; lastKnownFileType = sourcecode.c.h; path = Rectangle.h; sourceTree = "<group>"; };
		319677641F77862D00E9080A /* Renderer.h */ = {isa = PBXFileReference; lastKnownFileType = sourcecode.c.h; path = Renderer.h; sourceTree = "<group>"; };
		319677651F77862D00E9080A /* RenderingPrimitives.h */ = {isa = PBXFileReference; lastKnownFileType = sourcecode.c.h; path = RenderingPrimitives.h; sourceTree = "<group>"; };
		319677661F77862D00E9080A /* RotationalDeviceTracker.h */ = {isa = PBXFileReference; lastKnownFileType = sourcecode.c.h; path = RotationalDeviceTracker.h; sourceTree = "<group>"; };
		319677671F77862D00E9080A /* SmartTerrainBuilder.h */ = {isa = PBXFileReference; lastKnownFileType = sourcecode.c.h; path = SmartTerrainBuilder.h; sourceTree = "<group>"; };
		319677681F77862D00E9080A /* SmartTerrainTrackable.h */ = {isa = PBXFileReference; lastKnownFileType = sourcecode.c.h; path = SmartTerrainTrackable.h; sourceTree = "<group>"; };
		319677691F77862D00E9080A /* SmartTerrainTracker.h */ = {isa = PBXFileReference; lastKnownFileType = sourcecode.c.h; path = SmartTerrainTracker.h; sourceTree = "<group>"; };
		3196776A1F77862D00E9080A /* State.h */ = {isa = PBXFileReference; lastKnownFileType = sourcecode.c.h; path = State.h; sourceTree = "<group>"; };
		3196776B1F77862D00E9080A /* StateUpdater.h */ = {isa = PBXFileReference; lastKnownFileType = sourcecode.c.h; path = StateUpdater.h; sourceTree = "<group>"; };
		3196776C1F77862D00E9080A /* Surface.h */ = {isa = PBXFileReference; lastKnownFileType = sourcecode.c.h; path = Surface.h; sourceTree = "<group>"; };
		3196776D1F77862D00E9080A /* SurfaceResult.h */ = {isa = PBXFileReference; lastKnownFileType = sourcecode.c.h; path = SurfaceResult.h; sourceTree = "<group>"; };
		3196776E1F77862D00E9080A /* System.h */ = {isa = PBXFileReference; lastKnownFileType = sourcecode.c.h; path = System.h; sourceTree = "<group>"; };
		3196776F1F77862D00E9080A /* TargetFinder.h */ = {isa = PBXFileReference; lastKnownFileType = sourcecode.c.h; path = TargetFinder.h; sourceTree = "<group>"; };
		319677701F77862D00E9080A /* TargetSearchResult.h */ = {isa = PBXFileReference; lastKnownFileType = sourcecode.c.h; path = TargetSearchResult.h; sourceTree = "<group>"; };
		319677711F77862D00E9080A /* TextTracker.h */ = {isa = PBXFileReference; lastKnownFileType = sourcecode.c.h; path = TextTracker.h; sourceTree = "<group>"; };
		319677721F77862D00E9080A /* Tool.h */ = {isa = PBXFileReference; lastKnownFileType = sourcecode.c.h; path = Tool.h; sourceTree = "<group>"; };
		319677731F77862D00E9080A /* Trackable.h */ = {isa = PBXFileReference; lastKnownFileType = sourcecode.c.h; path = Trackable.h; sourceTree = "<group>"; };
		319677741F77862D00E9080A /* TrackableResult.h */ = {isa = PBXFileReference; lastKnownFileType = sourcecode.c.h; path = TrackableResult.h; sourceTree = "<group>"; };
		319677751F77862D00E9080A /* TrackableSource.h */ = {isa = PBXFileReference; lastKnownFileType = sourcecode.c.h; path = TrackableSource.h; sourceTree = "<group>"; };
		319677761F77862D00E9080A /* Tracker.h */ = {isa = PBXFileReference; lastKnownFileType = sourcecode.c.h; path = Tracker.h; sourceTree = "<group>"; };
		319677771F77862D00E9080A /* TrackerManager.h */ = {isa = PBXFileReference; lastKnownFileType = sourcecode.c.h; path = TrackerManager.h; sourceTree = "<group>"; };
		319677781F77862D00E9080A /* TransformModel.h */ = {isa = PBXFileReference; lastKnownFileType = sourcecode.c.h; path = TransformModel.h; sourceTree = "<group>"; };
		319677791F77862D00E9080A /* Type.h */ = {isa = PBXFileReference; lastKnownFileType = sourcecode.c.h; path = Type.h; sourceTree = "<group>"; };
		3196777A1F77862D00E9080A /* UIGLViewProtocol.h */ = {isa = PBXFileReference; lastKnownFileType = sourcecode.c.h; path = UIGLViewProtocol.h; sourceTree = "<group>"; };
		3196777B1F77862D00E9080A /* UpdateCallback.h */ = {isa = PBXFileReference; lastKnownFileType = sourcecode.c.h; path = UpdateCallback.h; sourceTree = "<group>"; };
		3196777C1F77862D00E9080A /* Vectors.h */ = {isa = PBXFileReference; lastKnownFileType = sourcecode.c.h; path = Vectors.h; sourceTree = "<group>"; };
		3196777D1F77862D00E9080A /* VideoBackgroundConfig.h */ = {isa = PBXFileReference; lastKnownFileType = sourcecode.c.h; path = VideoBackgroundConfig.h; sourceTree = "<group>"; };
		3196777E1F77862D00E9080A /* VideoBackgroundTextureInfo.h */ = {isa = PBXFileReference; lastKnownFileType = sourcecode.c.h; path = VideoBackgroundTextureInfo.h; sourceTree = "<group>"; };
		3196777F1F77862D00E9080A /* VideoMode.h */ = {isa = PBXFileReference; lastKnownFileType = sourcecode.c.h; path = VideoMode.h; sourceTree = "<group>"; };
		319677801F77862D00E9080A /* View.h */ = {isa = PBXFileReference; lastKnownFileType = sourcecode.c.h; path = View.h; sourceTree = "<group>"; };
		319677811F77862D00E9080A /* ViewerParameters.h */ = {isa = PBXFileReference; lastKnownFileType = sourcecode.c.h; path = ViewerParameters.h; sourceTree = "<group>"; };
		319677821F77862D00E9080A /* ViewerParametersList.h */ = {isa = PBXFileReference; lastKnownFileType = sourcecode.c.h; path = ViewerParametersList.h; sourceTree = "<group>"; };
		319677831F77862D00E9080A /* ViewList.h */ = {isa = PBXFileReference; lastKnownFileType = sourcecode.c.h; path = ViewList.h; sourceTree = "<group>"; };
		319677841F77862D00E9080A /* VirtualButton.h */ = {isa = PBXFileReference; lastKnownFileType = sourcecode.c.h; path = VirtualButton.h; sourceTree = "<group>"; };
		319677851F77862D00E9080A /* VirtualButtonResult.h */ = {isa = PBXFileReference; lastKnownFileType = sourcecode.c.h; path = VirtualButtonResult.h; sourceTree = "<group>"; };
		319677861F77862D00E9080A /* Vuforia.h */ = {isa = PBXFileReference; lastKnownFileType = sourcecode.c.h; path = Vuforia.h; sourceTree = "<group>"; };
		319677871F77862D00E9080A /* Vuforia_iOS.h */ = {isa = PBXFileReference; lastKnownFileType = sourcecode.c.h; path = Vuforia_iOS.h; sourceTree = "<group>"; };
		319677881F77862D00E9080A /* VuMarkTarget.h */ = {isa = PBXFileReference; lastKnownFileType = sourcecode.c.h; path = VuMarkTarget.h; sourceTree = "<group>"; };
		319677891F77862D00E9080A /* VuMarkTargetResult.h */ = {isa = PBXFileReference; lastKnownFileType = sourcecode.c.h; path = VuMarkTargetResult.h; sourceTree = "<group>"; };
		3196778A1F77862D00E9080A /* VuMarkTemplate.h */ = {isa = PBXFileReference; lastKnownFileType = sourcecode.c.h; path = VuMarkTemplate.h; sourceTree = "<group>"; };
		3196778B1F77862D00E9080A /* Word.h */ = {isa = PBXFileReference; lastKnownFileType = sourcecode.c.h; path = Word.h; sourceTree = "<group>"; };
		3196778C1F77862D00E9080A /* WordList.h */ = {isa = PBXFileReference; lastKnownFileType = sourcecode.c.h; path = WordList.h; sourceTree = "<group>"; };
		3196778D1F77862D00E9080A /* WordResult.h */ = {isa = PBXFileReference; lastKnownFileType = sourcecode.c.h; path = WordResult.h; sourceTree = "<group>"; };
		319677901F77862D00E9080A /* libVuforia.a */ = {isa = PBXFileReference; lastKnownFileType = archive.ar; path = libVuforia.a; sourceTree = "<group>"; };
		319677921F77862D00E9080A /* license_3rdpartynotice.txt */ = {isa = PBXFileReference; lastKnownFileType = text; path = license_3rdpartynotice.txt; sourceTree = "<group>"; };
		319677931F77862D00E9080A /* readme.txt */ = {isa = PBXFileReference; lastKnownFileType = text; path = readme.txt; sourceTree = "<group>"; };
		319677951F77862D00E9080A /* readme.txt */ = {isa = PBXFileReference; lastKnownFileType = text; path = readme.txt; sourceTree = "<group>"; };
		926096D31D4163B600510C24 /* SpriteKit.framework */ = {isa = PBXFileReference; lastKnownFileType = wrapper.framework; name = SpriteKit.framework; path = System/Library/Frameworks/SpriteKit.framework; sourceTree = SDKROOT; };
		927B76D31D27FDC600C4F5CC /* AudioToolbox.framework */ = {isa = PBXFileReference; lastKnownFileType = wrapper.framework; name = AudioToolbox.framework; path = System/Library/Frameworks/AudioToolbox.framework; sourceTree = SDKROOT; };
		927B76D41D27FDC600C4F5CC /* AVFoundation.framework */ = {isa = PBXFileReference; lastKnownFileType = wrapper.framework; name = AVFoundation.framework; path = System/Library/Frameworks/AVFoundation.framework; sourceTree = SDKROOT; };
		927B76D51D27FDC600C4F5CC /* CoreMotion.framework */ = {isa = PBXFileReference; lastKnownFileType = wrapper.framework; name = CoreMotion.framework; path = System/Library/Frameworks/CoreMotion.framework; sourceTree = SDKROOT; };
		927B76D91D27FDE500C4F5CC /* SceneKit.framework */ = {isa = PBXFileReference; lastKnownFileType = wrapper.framework; name = SceneKit.framework; path = System/Library/Frameworks/SceneKit.framework; sourceTree = SDKROOT; };
		927B76DA1D27FDE500C4F5CC /* SystemConfiguration.framework */ = {isa = PBXFileReference; lastKnownFileType = wrapper.framework; name = SystemConfiguration.framework; path = System/Library/Frameworks/SystemConfiguration.framework; sourceTree = SDKROOT; };
		927B76DD1D27FE0500C4F5CC /* CoreMedia.framework */ = {isa = PBXFileReference; lastKnownFileType = wrapper.framework; name = CoreMedia.framework; path = System/Library/Frameworks/CoreMedia.framework; sourceTree = SDKROOT; };
		927B76E41D2806EF00C4F5CC /* VuforiaEAGLView.h */ = {isa = PBXFileReference; fileEncoding = 4; lastKnownFileType = sourcecode.c.h; name = VuforiaEAGLView.h; path = VuforiaManager/VuforiaEAGLView.h; sourceTree = "<group>"; };
		927B76E51D2806EF00C4F5CC /* VuforiaEAGLView.mm */ = {isa = PBXFileReference; fileEncoding = 4; lastKnownFileType = sourcecode.cpp.objcpp; name = VuforiaEAGLView.mm; path = VuforiaManager/VuforiaEAGLView.mm; sourceTree = "<group>"; };
		927B76E61D2806EF00C4F5CC /* VuforiaManager.h */ = {isa = PBXFileReference; fileEncoding = 4; lastKnownFileType = sourcecode.c.h; name = VuforiaManager.h; path = VuforiaManager/VuforiaManager.h; sourceTree = "<group>"; };
		927B76E71D2806EF00C4F5CC /* VuforiaManager.mm */ = {isa = PBXFileReference; fileEncoding = 4; lastKnownFileType = sourcecode.cpp.objcpp; name = VuforiaManager.mm; path = VuforiaManager/VuforiaManager.mm; sourceTree = "<group>"; };
		927B76E81D2806EF00C4F5CC /* VuforiaObjects.h */ = {isa = PBXFileReference; fileEncoding = 4; lastKnownFileType = sourcecode.c.h; name = VuforiaObjects.h; path = VuforiaManager/VuforiaObjects.h; sourceTree = "<group>"; };
		927B76E91D2806EF00C4F5CC /* VuforiaObjects.mm */ = {isa = PBXFileReference; fileEncoding = 4; lastKnownFileType = sourcecode.cpp.objcpp; name = VuforiaObjects.mm; path = VuforiaManager/VuforiaObjects.mm; sourceTree = "<group>"; };
		927B76FB1D2816DB00C4F5CC /* VuforiaShaderUtils.h */ = {isa = PBXFileReference; fileEncoding = 4; lastKnownFileType = sourcecode.c.h; name = VuforiaShaderUtils.h; path = VuforiaManager/VuforiaShaderUtils.h; sourceTree = "<group>"; };
		927B76FC1D2816DB00C4F5CC /* VuforiaShaderUtils.m */ = {isa = PBXFileReference; fileEncoding = 4; lastKnownFileType = sourcecode.c.objc; name = VuforiaShaderUtils.m; path = VuforiaManager/VuforiaShaderUtils.m; sourceTree = "<group>"; };
		927B77071D2824AB00C4F5CC /* OpenGLES.framework */ = {isa = PBXFileReference; lastKnownFileType = wrapper.framework; name = OpenGLES.framework; path = System/Library/Frameworks/OpenGLES.framework; sourceTree = SDKROOT; };
		927B770A1D282E0A00C4F5CC /* MediaPlayer.framework */ = {isa = PBXFileReference; lastKnownFileType = wrapper.framework; name = MediaPlayer.framework; path = System/Library/Frameworks/MediaPlayer.framework; sourceTree = SDKROOT; };
		92AA11051D27A5EB00E56CBE /* VuforiaSampleSwift.app */ = {isa = PBXFileReference; explicitFileType = wrapper.application; includeInIndex = 0; path = VuforiaSampleSwift.app; sourceTree = BUILT_PRODUCTS_DIR; };
		92AA11081D27A5EB00E56CBE /* AppDelegate.swift */ = {isa = PBXFileReference; lastKnownFileType = sourcecode.swift; path = AppDelegate.swift; sourceTree = "<group>"; };
		92AA110A1D27A5EB00E56CBE /* ViewController.swift */ = {isa = PBXFileReference; lastKnownFileType = sourcecode.swift; path = ViewController.swift; sourceTree = "<group>"; };
		92AA110D1D27A5EB00E56CBE /* Base */ = {isa = PBXFileReference; lastKnownFileType = file.storyboard; name = Base; path = Base.lproj/Main.storyboard; sourceTree = "<group>"; };
		92AA110F1D27A5EB00E56CBE /* Assets.xcassets */ = {isa = PBXFileReference; lastKnownFileType = folder.assetcatalog; path = Assets.xcassets; sourceTree = "<group>"; };
		92AA11121D27A5EB00E56CBE /* Base */ = {isa = PBXFileReference; lastKnownFileType = file.storyboard; name = Base; path = Base.lproj/LaunchScreen.storyboard; sourceTree = "<group>"; };
		92AA11141D27A5EB00E56CBE /* Info.plist */ = {isa = PBXFileReference; lastKnownFileType = text.plist.xml; path = Info.plist; sourceTree = "<group>"; };
		92AA11801D27A6CD00E56CBE /* VuforiaSampleSwift-Bridging-Header.h */ = {isa = PBXFileReference; lastKnownFileType = sourcecode.c.h; path = "VuforiaSampleSwift-Bridging-Header.h"; sourceTree = "<group>"; };
		92AA11841D27B96300E56CBE /* Localizable.strings */ = {isa = PBXFileReference; fileEncoding = 4; lastKnownFileType = text.plist.strings; path = Localizable.strings; sourceTree = "<group>"; };
/* End PBXFileReference section */

/* Begin PBXFrameworksBuildPhase section */
		92AA11021D27A5EB00E56CBE /* Frameworks */ = {
			isa = PBXFrameworksBuildPhase;
			buildActionMask = 2147483647;
			files = (
				926096D41D4163B600510C24 /* SpriteKit.framework in Frameworks */,
				927B770B1D282E0A00C4F5CC /* MediaPlayer.framework in Frameworks */,
				927B77091D282DF100C4F5CC /* AudioToolbox.framework in Frameworks */,
				927B77081D2824AB00C4F5CC /* OpenGLES.framework in Frameworks */,
				927B76DE1D27FE0500C4F5CC /* CoreMedia.framework in Frameworks */,
				927B76DB1D27FDE500C4F5CC /* SceneKit.framework in Frameworks */,
				927B76DC1D27FDE500C4F5CC /* SystemConfiguration.framework in Frameworks */,
				927B76D71D27FDC600C4F5CC /* AVFoundation.framework in Frameworks */,
				927B76D81D27FDC600C4F5CC /* CoreMotion.framework in Frameworks */,
			);
			runOnlyForDeploymentPostprocessing = 0;
		};
/* End PBXFrameworksBuildPhase section */

/* Begin PBXGroup section */
		3102360F1F77548D002366FD /* ImageTargets */ = {
			isa = PBXGroup;
			children = (
				310236101F77548D002366FD /* IT.png */,
				310236111F77548D002366FD /* IT_about.html */,
				310236121F77548D002366FD /* StonesAndChips.dat */,
				310236131F77548D002366FD /* StonesAndChips.xml */,
				310236141F77548D002366FD /* Tarmac.dat */,
				310236151F77548D002366FD /* Tarmac.xml */,
			);
			path = ImageTargets;
			sourceTree = "<group>";
		};
		319677341F77862D00E9080A /* vuforia-sdk-ios-6-5-19 */ = {
			isa = PBXGroup;
			children = (
				319677351F77862D00E9080A /* build */,
				319677911F77862D00E9080A /* licenses */,
				319677931F77862D00E9080A /* readme.txt */,
				319677941F77862D00E9080A /* samples */,
			);
			name = "vuforia-sdk-ios-6-5-19";
			path = "../../../../../Downloads/vuforia-sdk-ios-6-5-19";
			sourceTree = "<group>";
		};
		319677351F77862D00E9080A /* build */ = {
			isa = PBXGroup;
			children = (
				319677361F77862D00E9080A /* include */,
				3196778E1F77862D00E9080A /* lib */,
			);
			path = build;
			sourceTree = "<group>";
		};
		319677361F77862D00E9080A /* include */ = {
			isa = PBXGroup;
			children = (
				319677371F77862D00E9080A /* Vuforia */,
			);
			path = include;
			sourceTree = "<group>";
		};
		319677371F77862D00E9080A /* Vuforia */ = {
			isa = PBXGroup;
			children = (
				319677381F77862D00E9080A /* Area.h */,
				319677391F77862D00E9080A /* Box3D.h */,
				3196773A1F77862D00E9080A /* CameraCalibration.h */,
				3196773B1F77862D00E9080A /* CameraDevice.h */,
				3196773C1F77862D00E9080A /* CameraField.h */,
				3196773D1F77862D00E9080A /* CustomViewerParameters.h */,
				3196773E1F77862D00E9080A /* CylinderTarget.h */,
				3196773F1F77862D00E9080A /* CylinderTargetResult.h */,
				319677401F77862D00E9080A /* DataSet.h */,
				319677411F77862D00E9080A /* Device.h */,
				319677421F77862D00E9080A /* DeviceTrackable.h */,
				319677431F77862D00E9080A /* DeviceTrackableResult.h */,
				319677441F77862D00E9080A /* DeviceTracker.h */,
				319677451F77862D00E9080A /* EyeID.h */,
				319677461F77862D00E9080A /* EyewearCalibrationProfileManager.h */,
				319677471F77862D00E9080A /* EyewearCalibrationReading.h */,
				319677481F77862D00E9080A /* EyewearDevice.h */,
				319677491F77862D00E9080A /* EyewearUserCalibrator.h */,
				3196774A1F77862D00E9080A /* Frame.h */,
				3196774B1F77862D00E9080A /* GLRenderer.h */,
				3196774C1F77862D00E9080A /* HandheldTransformModel.h */,
				3196774D1F77862D00E9080A /* HeadTransformModel.h */,
				3196774E1F77862D00E9080A /* Image.h */,
				3196774F1F77862D00E9080A /* ImageTarget.h */,
				319677501F77862D00E9080A /* ImageTargetBuilder.h */,
				319677511F77862D00E9080A /* ImageTargetResult.h */,
				319677521F77862D00E9080A /* InstanceId.h */,
				319677531F77862D00E9080A /* Matrices.h */,
				319677541F77862D00E9080A /* Mesh.h */,
				319677551F77862D00E9080A /* MetalRenderer.h */,
				319677561F77862D00E9080A /* MultiTarget.h */,
				319677571F77862D00E9080A /* MultiTargetResult.h */,
				319677581F77862D00E9080A /* NonCopyable.h */,
				319677591F77862D00E9080A /* Obb2D.h */,
				3196775A1F77862D00E9080A /* Obb3D.h */,
				3196775B1F77862D00E9080A /* ObjectTarget.h */,
				3196775C1F77862D00E9080A /* ObjectTargetResult.h */,
				3196775D1F77862D00E9080A /* ObjectTracker.h */,
				3196775E1F77862D00E9080A /* PositionalDeviceTracker.h */,
				3196775F1F77862D00E9080A /* Prop.h */,
				319677601F77862D00E9080A /* PropResult.h */,
				319677611F77862D00E9080A /* Reconstruction.h */,
				319677621F77862D00E9080A /* ReconstructionFromTarget.h */,
				319677631F77862D00E9080A /* Rectangle.h */,
				319677641F77862D00E9080A /* Renderer.h */,
				319677651F77862D00E9080A /* RenderingPrimitives.h */,
				319677661F77862D00E9080A /* RotationalDeviceTracker.h */,
				319677671F77862D00E9080A /* SmartTerrainBuilder.h */,
				319677681F77862D00E9080A /* SmartTerrainTrackable.h */,
				319677691F77862D00E9080A /* SmartTerrainTracker.h */,
				3196776A1F77862D00E9080A /* State.h */,
				3196776B1F77862D00E9080A /* StateUpdater.h */,
				3196776C1F77862D00E9080A /* Surface.h */,
				3196776D1F77862D00E9080A /* SurfaceResult.h */,
				3196776E1F77862D00E9080A /* System.h */,
				3196776F1F77862D00E9080A /* TargetFinder.h */,
				319677701F77862D00E9080A /* TargetSearchResult.h */,
				319677711F77862D00E9080A /* TextTracker.h */,
				319677721F77862D00E9080A /* Tool.h */,
				319677731F77862D00E9080A /* Trackable.h */,
				319677741F77862D00E9080A /* TrackableResult.h */,
				319677751F77862D00E9080A /* TrackableSource.h */,
				319677761F77862D00E9080A /* Tracker.h */,
				319677771F77862D00E9080A /* TrackerManager.h */,
				319677781F77862D00E9080A /* TransformModel.h */,
				319677791F77862D00E9080A /* Type.h */,
				3196777A1F77862D00E9080A /* UIGLViewProtocol.h */,
				3196777B1F77862D00E9080A /* UpdateCallback.h */,
				3196777C1F77862D00E9080A /* Vectors.h */,
				3196777D1F77862D00E9080A /* VideoBackgroundConfig.h */,
				3196777E1F77862D00E9080A /* VideoBackgroundTextureInfo.h */,
				3196777F1F77862D00E9080A /* VideoMode.h */,
				319677801F77862D00E9080A /* View.h */,
				319677811F77862D00E9080A /* ViewerParameters.h */,
				319677821F77862D00E9080A /* ViewerParametersList.h */,
				319677831F77862D00E9080A /* ViewList.h */,
				319677841F77862D00E9080A /* VirtualButton.h */,
				319677851F77862D00E9080A /* VirtualButtonResult.h */,
				319677861F77862D00E9080A /* Vuforia.h */,
				319677871F77862D00E9080A /* Vuforia_iOS.h */,
				319677881F77862D00E9080A /* VuMarkTarget.h */,
				319677891F77862D00E9080A /* VuMarkTargetResult.h */,
				3196778A1F77862D00E9080A /* VuMarkTemplate.h */,
				3196778B1F77862D00E9080A /* Word.h */,
				3196778C1F77862D00E9080A /* WordList.h */,
				3196778D1F77862D00E9080A /* WordResult.h */,
			);
			path = Vuforia;
			sourceTree = "<group>";
		};
		3196778E1F77862D00E9080A /* lib */ = {
			isa = PBXGroup;
			children = (
				3196778F1F77862D00E9080A /* arm */,
			);
			path = lib;
			sourceTree = "<group>";
		};
		3196778F1F77862D00E9080A /* arm */ = {
			isa = PBXGroup;
			children = (
				319677901F77862D00E9080A /* libVuforia.a */,
			);
			path = arm;
			sourceTree = "<group>";
		};
		319677911F77862D00E9080A /* licenses */ = {
			isa = PBXGroup;
			children = (
				319677921F77862D00E9080A /* license_3rdpartynotice.txt */,
			);
			path = licenses;
			sourceTree = "<group>";
		};
		319677941F77862D00E9080A /* samples */ = {
			isa = PBXGroup;
			children = (
				319677951F77862D00E9080A /* readme.txt */,
			);
			path = samples;
			sourceTree = "<group>";
		};
		927B76DF1D27FE5900C4F5CC /* Frameworks */ = {
			isa = PBXGroup;
			children = (
				926096D31D4163B600510C24 /* SpriteKit.framework */,
				927B770A1D282E0A00C4F5CC /* MediaPlayer.framework */,
				927B77071D2824AB00C4F5CC /* OpenGLES.framework */,
				927B76DD1D27FE0500C4F5CC /* CoreMedia.framework */,
				927B76D91D27FDE500C4F5CC /* SceneKit.framework */,
				927B76DA1D27FDE500C4F5CC /* SystemConfiguration.framework */,
				927B76D31D27FDC600C4F5CC /* AudioToolbox.framework */,
				927B76D41D27FDC600C4F5CC /* AVFoundation.framework */,
				927B76D51D27FDC600C4F5CC /* CoreMotion.framework */,
			);
			name = Frameworks;
			path = ..;
			sourceTree = "<group>";
		};
		927B76E31D27FF2300C4F5CC /* VuforiaManager */ = {
			isa = PBXGroup;
			children = (
				927B76E41D2806EF00C4F5CC /* VuforiaEAGLView.h */,
				927B76E51D2806EF00C4F5CC /* VuforiaEAGLView.mm */,
				927B76FB1D2816DB00C4F5CC /* VuforiaShaderUtils.h */,
				927B76FC1D2816DB00C4F5CC /* VuforiaShaderUtils.m */,
				927B76E61D2806EF00C4F5CC /* VuforiaManager.h */,
				927B76E71D2806EF00C4F5CC /* VuforiaManager.mm */,
				927B76E81D2806EF00C4F5CC /* VuforiaObjects.h */,
				927B76E91D2806EF00C4F5CC /* VuforiaObjects.mm */,
			);
			name = VuforiaManager;
			sourceTree = "<group>";
		};
		927B76ED1D28070D00C4F5CC /* VuforiaAssets */ = {
			isa = PBXGroup;
			children = (
				3102360F1F77548D002366FD /* ImageTargets */,
			);
			path = VuforiaAssets;
			sourceTree = "<group>";
		};
		92AA10FC1D27A5EB00E56CBE = {
			isa = PBXGroup;
			children = (
				92AA11071D27A5EB00E56CBE /* VuforiaSampleSwift */,
				92AA11061D27A5EB00E56CBE /* Products */,
			);
			sourceTree = "<group>";
		};
		92AA11061D27A5EB00E56CBE /* Products */ = {
			isa = PBXGroup;
			children = (
				92AA11051D27A5EB00E56CBE /* VuforiaSampleSwift.app */,
			);
			name = Products;
			sourceTree = "<group>";
		};
		92AA11071D27A5EB00E56CBE /* VuforiaSampleSwift */ = {
			isa = PBXGroup;
			children = (
				319677341F77862D00E9080A /* vuforia-sdk-ios-6-5-19 */,
				92AA11801D27A6CD00E56CBE /* VuforiaSampleSwift-Bridging-Header.h */,
				927B76E31D27FF2300C4F5CC /* VuforiaManager */,
				927B76ED1D28070D00C4F5CC /* VuforiaAssets */,
				92AA11081D27A5EB00E56CBE /* AppDelegate.swift */,
				92AA110A1D27A5EB00E56CBE /* ViewController.swift */,
				92AA110C1D27A5EB00E56CBE /* Main.storyboard */,
				92AA110F1D27A5EB00E56CBE /* Assets.xcassets */,
				92AA11111D27A5EB00E56CBE /* LaunchScreen.storyboard */,
				92AA11141D27A5EB00E56CBE /* Info.plist */,
				92AA11841D27B96300E56CBE /* Localizable.strings */,
				927B76DF1D27FE5900C4F5CC /* Frameworks */,
			);
			path = VuforiaSampleSwift;
			sourceTree = "<group>";
		};
/* End PBXGroup section */

/* Begin PBXNativeTarget section */
		92AA11041D27A5EB00E56CBE /* VuforiaSampleSwift */ = {
			isa = PBXNativeTarget;
			buildConfigurationList = 92AA11171D27A5EB00E56CBE /* Build configuration list for PBXNativeTarget "VuforiaSampleSwift" */;
			buildPhases = (
				92AA11011D27A5EB00E56CBE /* Sources */,
				92AA11021D27A5EB00E56CBE /* Frameworks */,
				92AA11031D27A5EB00E56CBE /* Resources */,
			);
			buildRules = (
			);
			dependencies = (
			);
			name = VuforiaSampleSwift;
			productName = VuforiaSampleSwift;
			productReference = 92AA11051D27A5EB00E56CBE /* VuforiaSampleSwift.app */;
			productType = "com.apple.product-type.application";
		};
/* End PBXNativeTarget section */

/* Begin PBXProject section */
		92AA10FD1D27A5EB00E56CBE /* Project object */ = {
			isa = PBXProject;
			attributes = {
				LastSwiftUpdateCheck = 0730;
				LastUpgradeCheck = 0800;
				ORGANIZATIONNAME = "Yoshihiro Kato";
				TargetAttributes = {
					92AA11041D27A5EB00E56CBE = {
						CreatedOnToolsVersion = 7.3.1;
						DevelopmentTeam = 8JEHPP3L74;
						LastSwiftMigration = 0800;
						ProvisioningStyle = Automatic;
					};
				};
			};
			buildConfigurationList = 92AA11001D27A5EB00E56CBE /* Build configuration list for PBXProject "VuforiaSampleSwift" */;
			compatibilityVersion = "Xcode 3.2";
			developmentRegion = English;
			hasScannedForEncodings = 0;
			knownRegions = (
				en,
				Base,
			);
			mainGroup = 92AA10FC1D27A5EB00E56CBE;
			productRefGroup = 92AA11061D27A5EB00E56CBE /* Products */;
			projectDirPath = "";
			projectRoot = "";
			targets = (
				92AA11041D27A5EB00E56CBE /* VuforiaSampleSwift */,
			);
		};
/* End PBXProject section */

/* Begin PBXResourcesBuildPhase section */
		92AA11031D27A5EB00E56CBE /* Resources */ = {
			isa = PBXResourcesBuildPhase;
			buildActionMask = 2147483647;
			files = (
				92AA11131D27A5EB00E56CBE /* LaunchScreen.storyboard in Resources */,
				92AA11101D27A5EB00E56CBE /* Assets.xcassets in Resources */,
				92AA11851D27B96300E56CBE /* Localizable.strings in Resources */,
				92AA110E1D27A5EB00E56CBE /* Main.storyboard in Resources */,
			);
			runOnlyForDeploymentPostprocessing = 0;
		};
/* End PBXResourcesBuildPhase section */

/* Begin PBXSourcesBuildPhase section */
		92AA11011D27A5EB00E56CBE /* Sources */ = {
			isa = PBXSourcesBuildPhase;
			buildActionMask = 2147483647;
			files = (
				927B76EA1D2806EF00C4F5CC /* VuforiaEAGLView.mm in Sources */,
				927B76FD1D2816DB00C4F5CC /* VuforiaShaderUtils.m in Sources */,
				92AA110B1D27A5EB00E56CBE /* ViewController.swift in Sources */,
				92AA11091D27A5EB00E56CBE /* AppDelegate.swift in Sources */,
				927B76EB1D2806EF00C4F5CC /* VuforiaManager.mm in Sources */,
				927B76EC1D2806EF00C4F5CC /* VuforiaObjects.mm in Sources */,
			);
			runOnlyForDeploymentPostprocessing = 0;
		};
/* End PBXSourcesBuildPhase section */

/* Begin PBXVariantGroup section */
		92AA110C1D27A5EB00E56CBE /* Main.storyboard */ = {
			isa = PBXVariantGroup;
			children = (
				92AA110D1D27A5EB00E56CBE /* Base */,
			);
			name = Main.storyboard;
			sourceTree = "<group>";
		};
		92AA11111D27A5EB00E56CBE /* LaunchScreen.storyboard */ = {
			isa = PBXVariantGroup;
			children = (
				92AA11121D27A5EB00E56CBE /* Base */,
			);
			name = LaunchScreen.storyboard;
			sourceTree = "<group>";
		};
/* End PBXVariantGroup section */

/* Begin XCBuildConfiguration section */
		92AA11151D27A5EB00E56CBE /* Debug */ = {
			isa = XCBuildConfiguration;
			buildSettings = {
				ALWAYS_SEARCH_USER_PATHS = NO;
				CLANG_ANALYZER_NONNULL = YES;
				CLANG_CXX_LANGUAGE_STANDARD = "gnu++0x";
				CLANG_CXX_LIBRARY = "libc++";
				CLANG_ENABLE_MODULES = YES;
				CLANG_ENABLE_OBJC_ARC = YES;
				CLANG_WARN_BOOL_CONVERSION = YES;
				CLANG_WARN_CONSTANT_CONVERSION = YES;
				CLANG_WARN_DIRECT_OBJC_ISA_USAGE = YES_ERROR;
				CLANG_WARN_EMPTY_BODY = YES;
				CLANG_WARN_ENUM_CONVERSION = YES;
				CLANG_WARN_INFINITE_RECURSION = YES;
				CLANG_WARN_INT_CONVERSION = YES;
				CLANG_WARN_OBJC_ROOT_CLASS = YES_ERROR;
				CLANG_WARN_SUSPICIOUS_MOVE = YES;
				CLANG_WARN_UNREACHABLE_CODE = YES;
				CLANG_WARN__DUPLICATE_METHOD_MATCH = YES;
				"CODE_SIGN_IDENTITY[sdk=iphoneos*]" = "iPhone Developer";
				COPY_PHASE_STRIP = NO;
				DEBUG_INFORMATION_FORMAT = dwarf;
				ENABLE_BITCODE = NO;
				ENABLE_STRICT_OBJC_MSGSEND = YES;
				ENABLE_TESTABILITY = YES;
				GCC_C_LANGUAGE_STANDARD = gnu99;
				GCC_DYNAMIC_NO_PIC = NO;
				GCC_NO_COMMON_BLOCKS = YES;
				GCC_OPTIMIZATION_LEVEL = 0;
				GCC_PREPROCESSOR_DEFINITIONS = (
					"DEBUG=1",
					"$(inherited)",
				);
				GCC_WARN_64_TO_32_BIT_CONVERSION = YES;
				GCC_WARN_ABOUT_RETURN_TYPE = YES_ERROR;
				GCC_WARN_UNDECLARED_SELECTOR = YES;
				GCC_WARN_UNINITIALIZED_AUTOS = YES_AGGRESSIVE;
				GCC_WARN_UNUSED_FUNCTION = YES;
				GCC_WARN_UNUSED_VARIABLE = YES;
				IPHONEOS_DEPLOYMENT_TARGET = 9.3;
				MTL_ENABLE_DEBUG_INFO = YES;
				ONLY_ACTIVE_ARCH = YES;
				SDKROOT = iphoneos;
				SWIFT_OPTIMIZATION_LEVEL = "-Onone";
			};
			name = Debug;
		};
		92AA11161D27A5EB00E56CBE /* Release */ = {
			isa = XCBuildConfiguration;
			buildSettings = {
				ALWAYS_SEARCH_USER_PATHS = NO;
				CLANG_ANALYZER_NONNULL = YES;
				CLANG_CXX_LANGUAGE_STANDARD = "gnu++0x";
				CLANG_CXX_LIBRARY = "libc++";
				CLANG_ENABLE_MODULES = YES;
				CLANG_ENABLE_OBJC_ARC = YES;
				CLANG_WARN_BOOL_CONVERSION = YES;
				CLANG_WARN_CONSTANT_CONVERSION = YES;
				CLANG_WARN_DIRECT_OBJC_ISA_USAGE = YES_ERROR;
				CLANG_WARN_EMPTY_BODY = YES;
				CLANG_WARN_ENUM_CONVERSION = YES;
				CLANG_WARN_INFINITE_RECURSION = YES;
				CLANG_WARN_INT_CONVERSION = YES;
				CLANG_WARN_OBJC_ROOT_CLASS = YES_ERROR;
				CLANG_WARN_SUSPICIOUS_MOVE = YES;
				CLANG_WARN_UNREACHABLE_CODE = YES;
				CLANG_WARN__DUPLICATE_METHOD_MATCH = YES;
				"CODE_SIGN_IDENTITY[sdk=iphoneos*]" = "iPhone Developer";
				COPY_PHASE_STRIP = NO;
				DEBUG_INFORMATION_FORMAT = "dwarf-with-dsym";
				ENABLE_BITCODE = NO;
				ENABLE_NS_ASSERTIONS = NO;
				ENABLE_STRICT_OBJC_MSGSEND = YES;
				GCC_C_LANGUAGE_STANDARD = gnu99;
				GCC_NO_COMMON_BLOCKS = YES;
				GCC_WARN_64_TO_32_BIT_CONVERSION = YES;
				GCC_WARN_ABOUT_RETURN_TYPE = YES_ERROR;
				GCC_WARN_UNDECLARED_SELECTOR = YES;
				GCC_WARN_UNINITIALIZED_AUTOS = YES_AGGRESSIVE;
				GCC_WARN_UNUSED_FUNCTION = YES;
				GCC_WARN_UNUSED_VARIABLE = YES;
				IPHONEOS_DEPLOYMENT_TARGET = 9.3;
				MTL_ENABLE_DEBUG_INFO = NO;
				SDKROOT = iphoneos;
				SWIFT_OPTIMIZATION_LEVEL = "-Owholemodule";
				VALIDATE_PRODUCT = YES;
			};
			name = Release;
		};
		92AA11181D27A5EB00E56CBE /* Debug */ = {
			isa = XCBuildConfiguration;
			buildSettings = {
				ASSETCATALOG_COMPILER_APPICON_NAME = AppIcon;
				CLANG_ENABLE_MODULES = YES;
				"CODE_SIGN_IDENTITY[sdk=iphoneos*]" = "iPhone Developer";
				DEVELOPMENT_TEAM = 8JEHPP3L74;
				ENABLE_BITCODE = NO;
				HEADER_SEARCH_PATHS = "\"$(SRCROOT)/VuforiaSampleSwift/vuforia-sdk-ios-6-5-19/build/include\"";
				INFOPLIST_FILE = VuforiaSampleSwift/Info.plist;
				LD_RUNPATH_SEARCH_PATHS = "$(inherited) @executable_path/Frameworks";
				LIBRARY_SEARCH_PATHS = (
					"$(inherited)",
					"$(PROJECT_DIR)/VuforiaSampleSwift/vuforia-sdk-ios-6-2-9/build/lib/arm",
				);
				PRODUCT_BUNDLE_IDENTIFIER = "com.sputnik-apps.VuforiaSampleSwift";
				PRODUCT_NAME = VuforiaSampleSwift;
				SWIFT_OBJC_BRIDGING_HEADER = "VuforiaSampleSwift/VuforiaSampleSwift-Bridging-Header.h";
				SWIFT_OPTIMIZATION_LEVEL = "-Onone";
				SWIFT_VERSION = 3.0;
				USER_HEADER_SEARCH_PATHS = "";
			};
			name = Debug;
		};
		92AA11191D27A5EB00E56CBE /* Release */ = {
			isa = XCBuildConfiguration;
			buildSettings = {
				ASSETCATALOG_COMPILER_APPICON_NAME = AppIcon;
				CLANG_ENABLE_MODULES = YES;
				"CODE_SIGN_IDENTITY[sdk=iphoneos*]" = "iPhone Developer";
				DEVELOPMENT_TEAM = 8JEHPP3L74;
				ENABLE_BITCODE = NO;
				HEADER_SEARCH_PATHS = "\"$(SRCROOT)/VuforiaSampleSwift/vuforia-sdk-ios-6-5-19/build/include\"";
				INFOPLIST_FILE = VuforiaSampleSwift/Info.plist;
				LD_RUNPATH_SEARCH_PATHS = "$(inherited) @executable_path/Frameworks";
				LIBRARY_SEARCH_PATHS = (
					"$(inherited)",
					"$(PROJECT_DIR)/VuforiaSampleSwift/vuforia-sdk-ios-6-2-9/build/lib/arm",
				);
				PRODUCT_BUNDLE_IDENTIFIER = "com.sputnik-apps.VuforiaSampleSwift";
				PRODUCT_NAME = VuforiaSampleSwift;
				SWIFT_OBJC_BRIDGING_HEADER = "VuforiaSampleSwift/VuforiaSampleSwift-Bridging-Header.h";
				SWIFT_VERSION = 3.0;
				USER_HEADER_SEARCH_PATHS = "";
			};
			name = Release;
		};
/* End XCBuildConfiguration section */

/* Begin XCConfigurationList section */
		92AA11001D27A5EB00E56CBE /* Build configuration list for PBXProject "VuforiaSampleSwift" */ = {
			isa = XCConfigurationList;
			buildConfigurations = (
				92AA11151D27A5EB00E56CBE /* Debug */,
				92AA11161D27A5EB00E56CBE /* Release */,
			);
			defaultConfigurationIsVisible = 0;
			defaultConfigurationName = Release;
		};
		92AA11171D27A5EB00E56CBE /* Build configuration list for PBXNativeTarget "VuforiaSampleSwift" */ = {
			isa = XCConfigurationList;
			buildConfigurations = (
				92AA11181D27A5EB00E56CBE /* Debug */,
				92AA11191D27A5EB00E56CBE /* Release */,
			);
			defaultConfigurationIsVisible = 0;
			defaultConfigurationName = Release;
		};
/* End XCConfigurationList section */
	};
	rootObject = 92AA10FD1D27A5EB00E56CBE /* Project object */;
}
